{
  "requires": true,
  "lockfileVersion": 1,
  "dependencies": {
    "aurelia-pal": {
      "version": "1.8.0",
      "resolved": "https://registry.npmjs.org/aurelia-pal/-/aurelia-pal-1.8.0.tgz",
      "integrity": "sha512-Nc9S/JTUh1ErSUwg4INhgwBTe99ef8gYXZLjBnP4JJBmLcc/ChhOvj/dSRwluPkosggQgyj2pjla/9VAYHAXPg=="
    },
    "aurelia-path": {
      "version": "1.1.1",
      "resolved": "https://registry.npmjs.org/aurelia-path/-/aurelia-path-1.1.1.tgz",
      "integrity": "sha1-yqnSC8hRWl+fKG2aOxjYGyyFsN0="
    },
    "regenerator-runtime": {
      "version": "0.13.1",
      "resolved": "https://registry.npmjs.org/regenerator-runtime/-/regenerator-runtime-0.13.1.tgz",
      "integrity": "sha512-5KzMIyPLvfdPmvsdlYsHqITrDfK9k7bmvf97HvHSN4810i254ponbxCQ1NukpRWlu6en2MBWzAlhDExEKISwAA=="
    }
  }
}
